
Microsoft Visual Studio Solution File, Format Version 12.00
# Visual Studio Version 17
VisualStudioVersion = 17.0.31903.59
MinimumVisualStudioVersion = 10.0.40219.1
Project("{FAE04EC0-301F-11D3-BF4B-00C04F79EFBC}") = "Northwind.Common.EntityModels.Sqlite", "Northwind.Common.EntityModels.Sqlite\Northwind.Common.EntityModels.Sqlite.csproj", "{232A1651-53BF-493E-AAED-BAC4EBB34999}"
EndProject
Project("{FAE04EC0-301F-11D3-BF4B-00C04F79EFBC}") = "Northwind.Common.DataContext.Sqlite", "Northwind.Common.DataContext.Sqlite\Northwind.Common.DataContext.Sqlite.csproj", "{EDBA1DF2-C3C7-4276-B141-8CCE818E7511}"
EndProject
Project("{FAE04EC0-301F-11D3-BF4B-00C04F79EFBC}") = "Northwind.Web", "Northwind.Web\Northwind.Web.csproj", "{1455E046-8A55-4BE5-816F-1A80F6B13400}"
EndProject
Project("{FAE04EC0-301F-11D3-BF4B-00C04F79EFBC}") = "Northwind.Razor.Employees", "Northwind.Razor.Employees\Northwind.Razor.Employees.csproj", "{C4165BF1-04DC-49FD-854D-1E2A55BA0D3A}"
EndProject
Project("{FAE04EC0-301F-11D3-BF4B-00C04F79EFBC}") = "Northwind.Mvc", "Northwind.Mvc\Northwind.Mvc.csproj", "{63A7AC75-67A4-417A-8D03-890412543C29}"
EndProject
Global
	GlobalSection(SolutionConfigurationPlatforms) = preSolution
		Debug|Any CPU = Debug|Any CPU
		Release|Any CPU = Release|Any CPU
	EndGlobalSection
	GlobalSection(SolutionProperties) = preSolution
		HideSolutionNode = FALSE
	EndGlobalSection
	GlobalSection(ProjectConfigurationPlatforms) = postSolution
		{232A1651-53BF-493E-AAED-BAC4EBB34999}.Debug|Any CPU.ActiveCfg = Debug|Any CPU
		{232A1651-53BF-493E-AAED-BAC4EBB34999}.Debug|Any CPU.Build.0 = Debug|Any CPU
		{232A1651-53BF-493E-AAED-BAC4EBB34999}.Release|Any CPU.ActiveCfg = Release|Any CPU
		{232A1651-53BF-493E-AAED-BAC4EBB34999}.Release|Any CPU.Build.0 = Release|Any CPU
		{EDBA1DF2-C3C7-4276-B141-8CCE818E7511}.Debug|Any CPU.ActiveCfg = Debug|Any CPU
		{EDBA1DF2-C3C7-4276-B141-8CCE818E7511}.Debug|Any CPU.Build.0 = Debug|Any CPU
		{EDBA1DF2-C3C7-4276-B141-8CCE818E7511}.Release|Any CPU.ActiveCfg = Release|Any CPU
		{EDBA1DF2-C3C7-4276-B141-8CCE818E7511}.Release|Any CPU.Build.0 = Release|Any CPU
		{1455E046-8A55-4BE5-816F-1A80F6B13400}.Debug|Any CPU.ActiveCfg = Debug|Any CPU
		{1455E046-8A55-4BE5-816F-1A80F6B13400}.Debug|Any CPU.Build.0 = Debug|Any CPU
		{1455E046-8A55-4BE5-816F-1A80F6B13400}.Release|Any CPU.ActiveCfg = Release|Any CPU
		{1455E046-8A55-4BE5-816F-1A80F6B13400}.Release|Any CPU.Build.0 = Release|Any CPU
		{C4165BF1-04DC-49FD-854D-1E2A55BA0D3A}.Debug|Any CPU.ActiveCfg = Debug|Any CPU
		{C4165BF1-04DC-49FD-854D-1E2A55BA0D3A}.Debug|Any CPU.Build.0 = Debug|Any CPU
		{C4165BF1-04DC-49FD-854D-1E2A55BA0D3A}.Release|Any CPU.ActiveCfg = Release|Any CPU
		{C4165BF1-04DC-49FD-854D-1E2A55BA0D3A}.Release|Any CPU.Build.0 = Release|Any CPU
		{63A7AC75-67A4-417A-8D03-890412543C29}.Debug|Any CPU.ActiveCfg = Debug|Any CPU
		{63A7AC75-67A4-417A-8D03-890412543C29}.Debug|Any CPU.Build.0 = Debug|Any CPU
		{63A7AC75-67A4-417A-8D03-890412543C29}.Release|Any CPU.ActiveCfg = Release|Any CPU
		{63A7AC75-67A4-417A-8D03-890412543C29}.Release|Any CPU.Build.0 = Release|Any CPU
	EndGlobalSection
EndGlobal
